
Microsoft Visual Studio Solution File, Format Version 12.00
# Visual Studio 15
VisualStudioVersion = 15.0.26730.8
MinimumVisualStudioVersion = 10.0.40219.1
Project("{FAE04EC0-301F-11D3-BF4B-00C04F79EFBC}") = "TSApi", "TSApi\TSApi.csproj", "{EA17A3B1-5CEB-4F5B-9A39-64AFFAD7ECD1}"
EndProject
Project("{FAE04EC0-301F-11D3-BF4B-00C04F79EFBC}") = "DataAdapter", "DataAdapter\DataAdapter.csproj", "{D8017D6E-1F60-49D4-A7FE-A7E4036E8C33}"
EndProject
Project("{FAE04EC0-301F-11D3-BF4B-00C04F79EFBC}") = "DataModel", "DataModel\DataModel.csproj", "{8C7BC99B-7F64-428F-A98D-0303E41029FC}"
EndProject
Project("{FAE04EC0-301F-11D3-BF4B-00C04F79EFBC}") = "TSTest", "TSTest\TSTest.csproj", "{434657C5-FA24-49E1-AFE0-FD0432F87AA6}"
EndProject
Global
	GlobalSection(SolutionConfigurationPlatforms) = preSolution
		Debug|Any CPU = Debug|Any CPU
		Release|Any CPU = Release|Any CPU
	EndGlobalSection
	GlobalSection(ProjectConfigurationPlatforms) = postSolution
		{EA17A3B1-5CEB-4F5B-9A39-64AFFAD7ECD1}.Debug|Any CPU.ActiveCfg = Debug|Any CPU
		{EA17A3B1-5CEB-4F5B-9A39-64AFFAD7ECD1}.Debug|Any CPU.Build.0 = Debug|Any CPU
		{EA17A3B1-5CEB-4F5B-9A39-64AFFAD7ECD1}.Release|Any CPU.ActiveCfg = Release|Any CPU
		{EA17A3B1-5CEB-4F5B-9A39-64AFFAD7ECD1}.Release|Any CPU.Build.0 = Release|Any CPU
		{D8017D6E-1F60-49D4-A7FE-A7E4036E8C33}.Debug|Any CPU.ActiveCfg = Debug|Any CPU
		{D8017D6E-1F60-49D4-A7FE-A7E4036E8C33}.Debug|Any CPU.Build.0 = Debug|Any CPU
		{D8017D6E-1F60-49D4-A7FE-A7E4036E8C33}.Release|Any CPU.ActiveCfg = Release|Any CPU
		{D8017D6E-1F60-49D4-A7FE-A7E4036E8C33}.Release|Any CPU.Build.0 = Release|Any CPU
		{8C7BC99B-7F64-428F-A98D-0303E41029FC}.Debug|Any CPU.ActiveCfg = Debug|Any CPU
		{8C7BC99B-7F64-428F-A98D-0303E41029FC}.Debug|Any CPU.Build.0 = Debug|Any CPU
		{8C7BC99B-7F64-428F-A98D-0303E41029FC}.Release|Any CPU.ActiveCfg = Release|Any CPU
		{8C7BC99B-7F64-428F-A98D-0303E41029FC}.Release|Any CPU.Build.0 = Release|Any CPU
		{434657C5-FA24-49E1-AFE0-FD0432F87AA6}.Debug|Any CPU.ActiveCfg = Debug|Any CPU
		{434657C5-FA24-49E1-AFE0-FD0432F87AA6}.Debug|Any CPU.Build.0 = Debug|Any CPU
		{434657C5-FA24-49E1-AFE0-FD0432F87AA6}.Release|Any CPU.ActiveCfg = Release|Any CPU
		{434657C5-FA24-49E1-AFE0-FD0432F87AA6}.Release|Any CPU.Build.0 = Release|Any CPU
	EndGlobalSection
	GlobalSection(SolutionProperties) = preSolution
		HideSolutionNode = FALSE
	EndGlobalSection
	GlobalSection(ExtensibilityGlobals) = postSolution
		SolutionGuid = {963B0B25-8B8A-4260-8C9D-9C57514DEF19}
	EndGlobalSection
EndGlobal
